
Microsoft Visual Studio Solution File, Format Version 12.00
# Visual Studio Version 17
VisualStudioVersion = 17.9.34723.18
MinimumVisualStudioVersion = 10.0.40219.1
Project("{2150E333-8FDC-42A3-9474-1A3956D46DE8}") = "src", "src", "{7C3B3CD6-5598-4AD0-BE60-82980F57C8FA}"
EndProject
Project("{2150E333-8FDC-42A3-9474-1A3956D46DE8}") = "API", "API", "{E5BC58D6-68D5-4DC1-BA15-ED9DA6CC94AF}"
EndProject
Project("{2150E333-8FDC-42A3-9474-1A3956D46DE8}") = "Domain", "Domain", "{1B02B801-004F-4D95-8E36-3A1B6E585F4D}"
EndProject
Project("{2150E333-8FDC-42A3-9474-1A3956D46DE8}") = "Infraestructure", "Infraestructure", "{1B597167-3DE0-4C78-B655-69BAD46D08EF}"
EndProject
Project("{FAE04EC0-301F-11D3-BF4B-00C04F79EFBC}") = "Distracom.Host.Api", "Distracom.Host.Api\Distracom.Host.Api.csproj", "{02679BF4-EE6D-441B-A8FB-F448B96E60CC}"
EndProject
Project("{FAE04EC0-301F-11D3-BF4B-00C04F79EFBC}") = "Domain.Distracom", "Domain.Distracom\Domain.Distracom.csproj", "{FDD8EF02-B3E9-41EE-A240-3252DA32F8FC}"
EndProject
Project("{2150E333-8FDC-42A3-9474-1A3956D46DE8}") = "Data", "Data", "{A55F0B37-C286-452B-9547-DB8DB37D0CF8}"
EndProject
Project("{2150E333-8FDC-42A3-9474-1A3956D46DE8}") = "SqlAdapter", "SqlAdapter", "{05B6970F-EEBF-4DEA-A8CB-59254FFB6201}"
EndProject
Project("{2150E333-8FDC-42A3-9474-1A3956D46DE8}") = "Repositories", "Repositories", "{0208A20A-8D37-44C3-85EA-82FA8B04DC9C}"
EndProject
Project("{2150E333-8FDC-42A3-9474-1A3956D46DE8}") = "Gateway", "Gateway", "{168B08BE-5376-4C50-8E05-9FEA5A2E077A}"
EndProject
Global
	GlobalSection(SolutionConfigurationPlatforms) = preSolution
		Debug|Any CPU = Debug|Any CPU
		Release|Any CPU = Release|Any CPU
	EndGlobalSection
	GlobalSection(ProjectConfigurationPlatforms) = postSolution
		{02679BF4-EE6D-441B-A8FB-F448B96E60CC}.Debug|Any CPU.ActiveCfg = Debug|Any CPU
		{02679BF4-EE6D-441B-A8FB-F448B96E60CC}.Debug|Any CPU.Build.0 = Debug|Any CPU
		{02679BF4-EE6D-441B-A8FB-F448B96E60CC}.Release|Any CPU.ActiveCfg = Release|Any CPU
		{02679BF4-EE6D-441B-A8FB-F448B96E60CC}.Release|Any CPU.Build.0 = Release|Any CPU
		{FDD8EF02-B3E9-41EE-A240-3252DA32F8FC}.Debug|Any CPU.ActiveCfg = Debug|Any CPU
		{FDD8EF02-B3E9-41EE-A240-3252DA32F8FC}.Debug|Any CPU.Build.0 = Debug|Any CPU
		{FDD8EF02-B3E9-41EE-A240-3252DA32F8FC}.Release|Any CPU.ActiveCfg = Release|Any CPU
		{FDD8EF02-B3E9-41EE-A240-3252DA32F8FC}.Release|Any CPU.Build.0 = Release|Any CPU
	EndGlobalSection
	GlobalSection(SolutionProperties) = preSolution
		HideSolutionNode = FALSE
	EndGlobalSection
	GlobalSection(NestedProjects) = preSolution
		{E5BC58D6-68D5-4DC1-BA15-ED9DA6CC94AF} = {7C3B3CD6-5598-4AD0-BE60-82980F57C8FA}
		{1B02B801-004F-4D95-8E36-3A1B6E585F4D} = {7C3B3CD6-5598-4AD0-BE60-82980F57C8FA}
		{1B597167-3DE0-4C78-B655-69BAD46D08EF} = {7C3B3CD6-5598-4AD0-BE60-82980F57C8FA}
		{02679BF4-EE6D-441B-A8FB-F448B96E60CC} = {E5BC58D6-68D5-4DC1-BA15-ED9DA6CC94AF}
		{FDD8EF02-B3E9-41EE-A240-3252DA32F8FC} = {1B02B801-004F-4D95-8E36-3A1B6E585F4D}
		{A55F0B37-C286-452B-9547-DB8DB37D0CF8} = {1B597167-3DE0-4C78-B655-69BAD46D08EF}
		{05B6970F-EEBF-4DEA-A8CB-59254FFB6201} = {1B597167-3DE0-4C78-B655-69BAD46D08EF}
		{0208A20A-8D37-44C3-85EA-82FA8B04DC9C} = {1B597167-3DE0-4C78-B655-69BAD46D08EF}
		{168B08BE-5376-4C50-8E05-9FEA5A2E077A} = {1B597167-3DE0-4C78-B655-69BAD46D08EF}
	EndGlobalSection
	GlobalSection(ExtensibilityGlobals) = postSolution
		SolutionGuid = {91B30DA2-FEBB-479F-AF38-6C799E81948B}
	EndGlobalSection
EndGlobal
